{
  "name": "rk",
  "version": "1.0.0",
  "lockfileVersion": 2,
  "requires": true,
  "packages": {
    "": {
      "name": "rk",
      "version": "1.0.0",
      "license": "ISC",
      "dependencies": {
        "rsocket-core": "^0.0.27",
        "rsocket-tcp-client": "^0.0.27",
        "rsocket-websocket-client": "^0.0.27"
      }
    },
    "node_modules/rsocket-core": {
      "version": "0.0.27",
      "resolved": "https://repos.saybot.net/repository/alo7npm/rsocket-core/-/rsocket-core-0.0.27.tgz",
      "integrity": "sha1-qes2/IKCz+N7OfDEofyGq2Za/u0=",
      "license": "BSD-3-Clause",
      "dependencies": {
        "rsocket-flowable": "^0.0.27",
        "rsocket-types": "^0.0.27"
      }
    },
    "node_modules/rsocket-flowable": {
      "version": "0.0.27",
      "resolved": "https://repos.saybot.net/repository/alo7npm/rsocket-flowable/-/rsocket-flowable-0.0.27.tgz",
      "integrity": "sha1-OJJUzBUykIros6wDPcI3T1fi1mE=",
      "license": "BSD-3-Clause"
    },
    "node_modules/rsocket-tcp-client": {
      "version": "0.0.27",
      "resolved": "https://repos.saybot.net/repository/alo7npm/rsocket-tcp-client/-/rsocket-tcp-client-0.0.27.tgz",
      "integrity": "sha1-RsG1Du2ru2QSeg23r3z5MjmzMBw=",
      "license": "BSD-3-Clause",
      "dependencies": {
        "rsocket-core": "^0.0.27",
        "rsocket-flowable": "^0.0.27",
        "rsocket-types": "^0.0.27"
      }
    },
    "node_modules/rsocket-types": {
      "version": "0.0.27",
      "resolved": "https://repos.saybot.net/repository/alo7npm/rsocket-types/-/rsocket-types-0.0.27.tgz",
      "integrity": "sha1-UD4YMEDckK39DKg02mrcjmC/Ds8=",
      "license": "BSD-3-Clause",
      "dependencies": {
        "rsocket-flowable": "^0.0.27"
      }
    },
    "node_modules/rsocket-websocket-client": {
      "version": "0.0.27",
      "resolved": "https://repos.saybot.net/repository/alo7npm/rsocket-websocket-client/-/rsocket-websocket-client-0.0.27.tgz",
      "integrity": "sha1-jB4S/cGcCaW1wox8aDdub5DRQVQ=",
      "license": "BSD-3-Clause",
      "dependencies": {
        "rsocket-core": "^0.0.27",
        "rsocket-flowable": "^0.0.27",
        "rsocket-types": "^0.0.27"
      }
    }
  },
  "dependencies": {
    "rsocket-core": {
      "version": "0.0.27",
      "resolved": "https://repos.saybot.net/repository/alo7npm/rsocket-core/-/rsocket-core-0.0.27.tgz",
      "integrity": "sha1-qes2/IKCz+N7OfDEofyGq2Za/u0=",
      "requires": {
        "rsocket-flowable": "^0.0.27",
        "rsocket-types": "^0.0.27"
      }
    },
    "rsocket-flowable": {
      "version": "0.0.27",
      "resolved": "https://repos.saybot.net/repository/alo7npm/rsocket-flowable/-/rsocket-flowable-0.0.27.tgz",
      "integrity": "sha1-OJJUzBUykIros6wDPcI3T1fi1mE="
    },
    "rsocket-tcp-client": {
      "version": "0.0.27",
      "resolved": "https://repos.saybot.net/repository/alo7npm/rsocket-tcp-client/-/rsocket-tcp-client-0.0.27.tgz",
      "integrity": "sha1-RsG1Du2ru2QSeg23r3z5MjmzMBw=",
      "requires": {
        "rsocket-core": "^0.0.27",
        "rsocket-flowable": "^0.0.27",
        "rsocket-types": "^0.0.27"
      }
    },
    "rsocket-types": {
      "version": "0.0.27",
      "resolved": "https://repos.saybot.net/repository/alo7npm/rsocket-types/-/rsocket-types-0.0.27.tgz",
      "integrity": "sha1-UD4YMEDckK39DKg02mrcjmC/Ds8=",
      "requires": {
        "rsocket-flowable": "^0.0.27"
      }
    },
    "rsocket-websocket-client": {
      "version": "0.0.27",
      "resolved": "https://repos.saybot.net/repository/alo7npm/rsocket-websocket-client/-/rsocket-websocket-client-0.0.27.tgz",
      "integrity": "sha1-jB4S/cGcCaW1wox8aDdub5DRQVQ=",
      "requires": {
        "rsocket-core": "^0.0.27",
        "rsocket-flowable": "^0.0.27",
        "rsocket-types": "^0.0.27"
      }
    }
  }
}
